
Microsoft Visual Studio Solution File, Format Version 12.00
# Visual Studio Version 17
VisualStudioVersion = 17.9.34728.123
MinimumVisualStudioVersion = 10.0.40219.1
Project("{FAE04EC0-301F-11D3-BF4B-00C04F79EFBC}") = "Hanged Man", "Hanged Man.csproj", "{B142550B-6ECB-49CB-AE35-CEA16474F97E}"
EndProject
Global
	GlobalSection(SolutionConfigurationPlatforms) = preSolution
		Debug|Any CPU = Debug|Any CPU
		Release|Any CPU = Release|Any CPU
	EndGlobalSection
	GlobalSection(ProjectConfigurationPlatforms) = postSolution
		{B142550B-6ECB-49CB-AE35-CEA16474F97E}.Debug|Any CPU.ActiveCfg = Debug|Any CPU
		{B142550B-6ECB-49CB-AE35-CEA16474F97E}.Debug|Any CPU.Build.0 = Debug|Any CPU
		{B142550B-6ECB-49CB-AE35-CEA16474F97E}.Release|Any CPU.ActiveCfg = Release|Any CPU
		{B142550B-6ECB-49CB-AE35-CEA16474F97E}.Release|Any CPU.Build.0 = Release|Any CPU
	EndGlobalSection
	GlobalSection(SolutionProperties) = preSolution
		HideSolutionNode = FALSE
	EndGlobalSection
	GlobalSection(ExtensibilityGlobals) = postSolution
		SolutionGuid = {96BB3434-B40E-4895-A3DE-EA6F940A92C9}
	EndGlobalSection
EndGlobal
